<?xml version="1.0" encoding="utf-8"?>
<Project ToolsVersion="4.0" xmlns="http://schemas.microsoft.com/developer/msbuild/2003">
  <ItemGroup>
    <Filter Include="Toolbox">
      <UniqueIdentifier>{f47525e6-bff8-4281-b244-7444cac8d22b}</UniqueIdentifier>
    </Filter>
    <Filter Include="Toolbox\Tools">
      <UniqueIdentifier>{c352f7e0-57fd-43e1-b75c-079c07fedc32}</UniqueIdentifier>
    </Filter>
    <Filter Include="Toolbox\ToolShapes">
      <UniqueIdentifier>{38a08928-d8a5-4963-b794-c08a1b334a81}</UniqueIdentifier>
    </Filter>
    <Filter Include="Toolbox\BrushModes">
      <UniqueIdentifier>{3a81ffd1-3f5b-4ad5-a537-86d3d0740819}</UniqueIdentifier>
    </Filter>
    <Filter Include="Toolbox\Tools\BrushTool">
      <UniqueIdentifier>{2ccdeef9-ef7e-40f6-ab15-00bf50673037}</UniqueIdentifier>
    </Filter>
    <Filter Include="Toolbox\ToolShapes\CircleToolShape">
      <UniqueIdentifier>{c231cfc1-eab0-47db-8261-148a4dc01af5}</UniqueIdentifier>
    </Filter>
    <Filter Include="Toolbox\BrushModes\TranslateBrushMode">
      <UniqueIdentifier>{c72392ef-c2c8-4bac-82b6-8e4e5777558a}</UniqueIdentifier>
    </Filter>
    <Filter Include="Toolbox\BrushModes\ScaleBrushMode">
      <UniqueIdentifier>{bd9c481c-fa47-420e-b99e-c93c2c24d5a9}</UniqueIdentifier>
    </Filter>
    <Filter Include="Toolbox\BrushModes\RotateBrushMode">
      <UniqueIdentifier>{b8305e7a-f9c6-45a3-abb7-754b56b939a6}</UniqueIdentifier>
    </Filter>
    <Filter Include="Toolbox\BrushModes\ClumpBrushMode">
      <UniqueIdentifier>{ec463fd7-a307-490d-872c-a229c657fcea}</UniqueIdentifier>
    </Filter>
    <Filter Include="Toolbox\BrushModes\PuffRootBrushMode">
      <UniqueIdentifier>{bc1dad0d-b2f9-4aa8-a03b-e6be6c825fbf}</UniqueIdentifier>
    </Filter>
    <Filter Include="Toolbox\BrushModes\PuffEndBrushMode">
      <UniqueIdentifier>{f2734259-5de3-4847-84c0-a36ac1d11cc0}</UniqueIdentifier>
    </Filter>
    <Filter Include="MEL">
      <UniqueIdentifier>{01798d18-147a-4775-aaa7-9eeb2cb86ff0}</UniqueIdentifier>
    </Filter>
    <Filter Include="HairShape">
      <UniqueIdentifier>{21a25821-7cbb-49f0-a570-9244e685535e}</UniqueIdentifier>
    </Filter>
    <Filter Include="Primitives">
      <UniqueIdentifier>{35b2f530-4198-4486-af2a-b596052fff9b}</UniqueIdentifier>
    </Filter>
    <Filter Include="HairShape\Mesh">
      <UniqueIdentifier>{a3c36546-aae7-4de7-b7e0-6d8b4a6950c5}</UniqueIdentifier>
    </Filter>
    <Filter Include="HairShape\UserInterface">
      <UniqueIdentifier>{6f0d4396-8ff8-4923-9fca-12611ddf0183}</UniqueIdentifier>
    </Filter>
    <Filter Include="HairShape\HairComponents">
      <UniqueIdentifier>{ff012dea-ab73-4ba2-96f9-22a7e9b3b9ef}</UniqueIdentifier>
    </Filter>
    <Filter Include="HairShape\Generators">
      <UniqueIdentifier>{a04b9c22-1555-4b57-8aa9-cf88c3822e49}</UniqueIdentifier>
    </Filter>
    <Filter Include="Common">
      <UniqueIdentifier>{8f81952a-8e8b-4b35-9136-da1a93d75a50}</UniqueIdentifier>
    </Filter>
    <Filter Include="HairShape\Texture">
      <UniqueIdentifier>{7757f06f-4835-447c-bafa-89152e4549c8}</UniqueIdentifier>
    </Filter>
    <Filter Include="HairShape\Interpolation">
      <UniqueIdentifier>{6a2b5c65-c1ef-49ae-9cbb-274af16b2d12}</UniqueIdentifier>
    </Filter>
    <Filter Include="RibExport">
      <UniqueIdentifier>{33103871-df72-42c9-9f13-d90140cc9d10}</UniqueIdentifier>
    </Filter>
    <Filter Include="Toolbox\Tools\CutTool">
      <UniqueIdentifier>{e0a64e58-686b-4998-b25e-388035731f3e}</UniqueIdentifier>
    </Filter>
    <Filter Include="MEL\StubbleBrushTool">
      <UniqueIdentifier>{c67fc146-3fa6-4f5c-a868-bf2ad33bf365}</UniqueIdentifier>
    </Filter>
    <Filter Include="MEL\StubbleCutTool">
      <UniqueIdentifier>{56a27bb4-30c0-4da5-b12d-0f529f0d1b49}</UniqueIdentifier>
    </Filter>
    <Filter Include="MEL\StubbleHapticSettingsTool">
      <UniqueIdentifier>{3cd2c740-56e3-412b-8feb-bae5189f8b24}</UniqueIdentifier>
    </Filter>
    <Filter Include="MEL\StubbleUI">
      <UniqueIdentifier>{67b0cdaf-7a12-4d6f-baac-9cee11501d90}</UniqueIdentifier>
    </Filter>
  </ItemGroup>
  <ItemGroup>
    <ClCompile Include="pluginMain.cpp" />
    <ClCompile Include="Toolbox\BrushModes\TranslateBrushMode\TranslateBrushMode.cpp">
      <Filter>Toolbox\BrushModes\TranslateBrushMode</Filter>
    </ClCompile>
    <ClCompile Include="Toolbox\ToolShapes\CircleToolShape\CircleToolShape.cpp">
      <Filter>Toolbox\ToolShapes\CircleToolShape</Filter>
    </ClCompile>
    <ClCompile Include="Toolbox\Tools\BrushTool\BrushTool.cpp">
      <Filter>Toolbox\Tools\BrushTool</Filter>
    </ClCompile>
    <ClCompile Include="Toolbox\BrushModes\ScaleBrushMode\ScaleBrushMode.cpp">
      <Filter>Toolbox\BrushModes\ScaleBrushMode</Filter>
    </ClCompile>
    <ClCompile Include="Toolbox\BrushModes\RotateBrushMode\RotateBrushMode.cpp">
      <Filter>Toolbox\BrushModes\RotateBrushMode</Filter>
    </ClCompile>
    <ClCompile Include="Toolbox\BrushModes\ClumpBrushMode\ClumpBrushMode.cpp">
      <Filter>Toolbox\BrushModes\ClumpBrushMode</Filter>
    </ClCompile>
    <ClCompile Include="Toolbox\BrushModes\PuffRootBrushMode\PuffRootBrushMode.cpp">
      <Filter>Toolbox\BrushModes\PuffRootBrushMode</Filter>
    </ClCompile>
    <ClCompile Include="Toolbox\BrushModes\PuffEndBrushMode\PuffEndBrushMode.cpp">
      <Filter>Toolbox\BrushModes\PuffEndBrushMode</Filter>
    </ClCompile>
    <ClCompile Include="Toolbox\Tools\MouseMoveListener.cpp">
      <Filter>Toolbox\Tools</Filter>
    </ClCompile>
    <ClCompile Include="Toolbox\Tools\GenericTool.cpp">
      <Filter>Toolbox\Tools</Filter>
    </ClCompile>
    <ClCompile Include="HairShape\UserInterface\HairShape.cpp">
      <Filter>HairShape\UserInterface</Filter>
    </ClCompile>
    <ClCompile Include="HairShape\UserInterface\HairShapeUI.cpp">
      <Filter>HairShape\UserInterface</Filter>
    </ClCompile>
    <ClCompile Include="HairShape\HairComponents\HairGuides.cpp">
      <Filter>HairShape\HairComponents</Filter>
    </ClCompile>
    <ClCompile Include="HairShape\Generators\RandomGenerator.cpp">
      <Filter>HairShape\Generators</Filter>
    </ClCompile>
    <ClCompile Include="HairShape\Generators\UVPointGenerator.cpp">
      <Filter>HairShape\Generators</Filter>
    </ClCompile>
    <ClCompile Include="HairShape\Texture\Texture.cpp">
      <Filter>HairShape\Texture</Filter>
    </ClCompile>
    <ClCompile Include="HairShape\HairComponents\DisplayedGuides.cpp">
      <Filter>HairShape\HairComponents</Filter>
    </ClCompile>
    <ClCompile Include="HairShape\HairComponents\RestPositionsUG.cpp">
      <Filter>HairShape\HairComponents</Filter>
    </ClCompile>
    <ClCompile Include="HairShape\HairComponents\SegmentsStorage.cpp">
      <Filter>HairShape\HairComponents</Filter>
    </ClCompile>
    <ClCompile Include="HairShape\HairComponents\SegmentsUG.cpp">
      <Filter>HairShape\HairComponents</Filter>
    </ClCompile>
    <ClCompile Include="HairShape\Interpolation\InterpolationGroups.cpp">
      <Filter>HairShape\Interpolation</Filter>
    </ClCompile>
    <ClCompile Include="Toolbox\HairTaskProcessor.cpp">
      <Filter>Toolbox</Filter>
    </ClCompile>
    <ClCompile Include="HairShape\Mesh\MayaMesh.cpp">
      <Filter>HairShape\Mesh</Filter>
    </ClCompile>
    <ClCompile Include="HairShape\Mesh\MeshUVCoordUG.cpp">
      <Filter>HairShape\Mesh</Filter>
    </ClCompile>
    <ClCompile Include="HairShape\Mesh\Mesh.cpp">
      <Filter>HairShape\Mesh</Filter>
    </ClCompile>
    <ClCompile Include="RibExport\RenderManCacheCommand.cpp">
      <Filter>RibExport</Filter>
    </ClCompile>
    <ClCompile Include="HairShape\Mesh\Voxelization.cpp">
      <Filter>HairShape\Mesh</Filter>
    </ClCompile>
    <ClCompile Include="RibExport\CachedFrame.cpp">
      <Filter>RibExport</Filter>
    </ClCompile>
    <ClCompile Include="Toolbox\Tools\HapticSettingsTool.cpp">
      <Filter>Toolbox\Tools</Filter>
    </ClCompile>
    <ClCompile Include="HairShape\Interpolation\MayaPositionGenerator.cpp">
      <Filter>HairShape\Interpolation</Filter>
    </ClCompile>
    <ClCompile Include="HairShape\Interpolation\MayaOutputGenerator.cpp">
      <Filter>HairShape\Interpolation</Filter>
    </ClCompile>
    <ClCompile Include="HairShape\Interpolation\HairProperties.cpp">
      <Filter>HairShape\Interpolation</Filter>
    </ClCompile>
    <ClCompile Include="HairShape\Interpolation\HairGenerator.tmpl.hpp">
      <Filter>HairShape\Interpolation</Filter>
    </ClCompile>
    <ClCompile Include="HairShape\Interpolation\MayaHairProperties.cpp">
      <Filter>HairShape\Interpolation</Filter>
    </ClCompile>
    <ClCompile Include="HairShape\Interpolation\RMHairProperties.cpp">
      <Filter>HairShape\Interpolation</Filter>
    </ClCompile>
    <ClCompile Include="HairShape\Interpolation\RMPositionGenerator.cpp">
      <Filter>HairShape\Interpolation</Filter>
    </ClCompile>
    <ClCompile Include="HairShape\Interpolation\RMOutputGenerator.cpp">
      <Filter>HairShape\Interpolation</Filter>
    </ClCompile>
    <ClCompile Include="Common\GLExtensions.cpp">
      <Filter>Common</Filter>
    </ClCompile>
    <ClCompile Include="Toolbox\Tools\CutTool\CutTool.cpp">
      <Filter>Toolbox\Tools\CutTool</Filter>
    </ClCompile>
    <ClCompile Include="HairShape\HairComponents\CommandsNURBS.cpp">
      <Filter>HairShape\HairComponents</Filter>
    </ClCompile>
    <ClCompile Include="HairShape\HairComponents\CommandsTextures.cpp">
      <Filter>HairShape\HairComponents</Filter>
    </ClCompile>
    <ClCompile Include="HairShape\UserInterface\SelectCommand.cpp">
      <Filter>HairShape\UserInterface</Filter>
    </ClCompile>
    <ClCompile Include="HairShape\UserInterface\HistoryCommands.cpp">
      <Filter>HairShape\UserInterface</Filter>
    </ClCompile>
    <ClCompile Include="HairShape\HairComponents\UndoStack.cpp">
      <Filter>HairShape\HairComponents</Filter>
    </ClCompile>
    <ClCompile Include="Toolbox\Tools\HapticListener.cpp">
      <Filter>Toolbox\Tools</Filter>
    </ClCompile>
    <ClCompile Include="Toolbox\Tools\TabletSettingsTool.cpp">
      <Filter>Toolbox\Tools</Filter>
    </ClCompile>
    <ClCompile Include="HairShape\UserInterface\ReinitCommand.cpp">
      <Filter>HairShape\UserInterface</Filter>
    </ClCompile>
    <ClCompile Include="Common\Base64.cpp">
      <Filter>Common</Filter>
    </ClCompile>
    <ClCompile Include="HairShape\UserInterface\ResetCommand.cpp">
      <Filter>HairShape\UserInterface</Filter>
    </ClCompile>
  </ItemGroup>
  <ItemGroup>
    <ClInclude Include="Toolbox\BrushModes\BrushMode.hpp">
      <Filter>Toolbox\BrushModes</Filter>
    </ClInclude>
    <ClInclude Include="Toolbox\ToolShapes\ToolShape.hpp">
      <Filter>Toolbox\ToolShapes</Filter>
    </ClInclude>
    <ClInclude Include="Toolbox\BrushModes\TranslateBrushMode\TranslateBrushMode.hpp">
      <Filter>Toolbox\BrushModes\TranslateBrushMode</Filter>
    </ClInclude>
    <ClInclude Include="Toolbox\ToolShapes\CircleToolShape\CircleToolShape.hpp">
      <Filter>Toolbox\ToolShapes\CircleToolShape</Filter>
    </ClInclude>
    <ClInclude Include="Toolbox\Tools\BrushTool\BrushTool.hpp">
      <Filter>Toolbox\Tools\BrushTool</Filter>
    </ClInclude>
    <ClInclude Include="Toolbox\HairTask.hpp">
      <Filter>Toolbox</Filter>
    </ClInclude>
    <ClInclude Include="Toolbox\BrushModes\ScaleBrushMode\ScaleBrushMode.hpp">
      <Filter>Toolbox\BrushModes\ScaleBrushMode</Filter>
    </ClInclude>
    <ClInclude Include="Toolbox\BrushModes\RotateBrushMode\RotateBrushMode.hpp">
      <Filter>Toolbox\BrushModes\RotateBrushMode</Filter>
    </ClInclude>
    <ClInclude Include="Toolbox\BrushModes\ClumpBrushMode\ClumpBrushMode.hpp">
      <Filter>Toolbox\BrushModes\ClumpBrushMode</Filter>
    </ClInclude>
    <ClInclude Include="Toolbox\BrushModes\PuffRootBrushMode\PuffRootBrushMode.hpp">
      <Filter>Toolbox\BrushModes\PuffRootBrushMode</Filter>
    </ClInclude>
    <ClInclude Include="Toolbox\BrushModes\PuffEndBrushMode\PuffEndBrushMode.hpp">
      <Filter>Toolbox\BrushModes\PuffEndBrushMode</Filter>
    </ClInclude>
    <ClInclude Include="Toolbox\Tools\MouseMoveListener.hpp">
      <Filter>Toolbox\Tools</Filter>
    </ClInclude>
    <ClInclude Include="Toolbox\Tools\GenericTool.hpp">
      <Filter>Toolbox\Tools</Filter>
    </ClInclude>
    <ClInclude Include="Primitives\Vector3D.hpp">
      <Filter>Primitives</Filter>
    </ClInclude>
    <ClInclude Include="HairShape\Mesh\Mesh.hpp">
      <Filter>HairShape\Mesh</Filter>
    </ClInclude>
    <ClInclude Include="HairShape\Mesh\MeshPoint.hpp">
      <Filter>HairShape\Mesh</Filter>
    </ClInclude>
    <ClInclude Include="HairShape\Mesh\Triangle.hpp">
      <Filter>HairShape\Mesh</Filter>
    </ClInclude>
    <ClInclude Include="HairShape\Mesh\TriangleConstIterator.hpp">
      <Filter>HairShape\Mesh</Filter>
    </ClInclude>
    <ClInclude Include="HairShape\Mesh\UVPoint.hpp">
      <Filter>HairShape\Mesh</Filter>
    </ClInclude>
    <ClInclude Include="HairShape\UserInterface\HairShape.hpp">
      <Filter>HairShape\UserInterface</Filter>
    </ClInclude>
    <ClInclude Include="HairShape\UserInterface\HairShapeUI.hpp">
      <Filter>HairShape\UserInterface</Filter>
    </ClInclude>
    <ClInclude Include="HairShape\HairComponents\HairGuides.hpp">
      <Filter>HairShape\HairComponents</Filter>
    </ClInclude>
    <ClInclude Include="Common\CommonFunctions.hpp">
      <Filter>Common</Filter>
    </ClInclude>
    <ClInclude Include="HairShape\Generators\UVPointGenerator.hpp">
      <Filter>HairShape\Generators</Filter>
    </ClInclude>
    <ClInclude Include="HairShape\Generators\RandomGenerator.hpp">
      <Filter>HairShape\Generators</Filter>
    </ClInclude>
    <ClInclude Include="Common\StubbleException.hpp">
      <Filter>Common</Filter>
    </ClInclude>
    <ClInclude Include="HairShape\Texture\Texture.hpp">
      <Filter>HairShape\Texture</Filter>
    </ClInclude>
    <ClInclude Include="Primitives\BoundingBox.hpp">
      <Filter>Primitives</Filter>
    </ClInclude>
    <ClInclude Include="HairShape\Mesh\MayaMesh.hpp">
      <Filter>HairShape\Mesh</Filter>
    </ClInclude>
    <ClInclude Include="HairShape\HairComponents\DisplayedGuides.hpp">
      <Filter>HairShape\HairComponents</Filter>
    </ClInclude>
    <ClInclude Include="HairShape\HairComponents\GuidePosition.hpp">
      <Filter>HairShape\HairComponents</Filter>
    </ClInclude>
    <ClInclude Include="HairShape\HairComponents\RestPositionsUG.hpp">
      <Filter>HairShape\HairComponents</Filter>
    </ClInclude>
    <ClInclude Include="HairShape\HairComponents\Segments.hpp">
      <Filter>HairShape\HairComponents</Filter>
    </ClInclude>
    <ClInclude Include="HairShape\HairComponents\SegmentsStorage.hpp">
      <Filter>HairShape\HairComponents</Filter>
    </ClInclude>
    <ClInclude Include="HairShape\HairComponents\SegmentsUG.hpp">
      <Filter>HairShape\HairComponents</Filter>
    </ClInclude>
    <ClInclude Include="HairShape\HairComponents\SelectedGuides.hpp">
      <Filter>HairShape\HairComponents</Filter>
    </ClInclude>
    <ClInclude Include="HairShape\HairComponents\UndoStack.hpp">
      <Filter>HairShape\HairComponents</Filter>
    </ClInclude>
    <ClInclude Include="HairShape\Interpolation\InterpolationGroups.hpp">
      <Filter>HairShape\Interpolation</Filter>
    </ClInclude>
    <ClInclude Include="Common\CommonTypes.hpp">
      <Filter>Common</Filter>
    </ClInclude>
    <ClInclude Include="Primitives\Matrix.hpp">
      <Filter>Primitives</Filter>
    </ClInclude>
    <ClInclude Include="Toolbox\HairTaskProcessor.hpp">
      <Filter>Toolbox</Filter>
    </ClInclude>
    <ClInclude Include="HairShape\Mesh\MeshUVCoordUG.hpp">
      <Filter>HairShape\Mesh</Filter>
    </ClInclude>
    <ClInclude Include="RibExport\RenderManCacheCommand.hpp">
      <Filter>RibExport</Filter>
    </ClInclude>
    <ClInclude Include="RibExport\CachedFrame.hpp">
      <Filter>RibExport</Filter>
    </ClInclude>
    <ClInclude Include="HairShape\Mesh\Voxelization.hpp">
      <Filter>HairShape\Mesh</Filter>
    </ClInclude>
    <ClInclude Include="Common\CommonConstants.hpp">
      <Filter>Common</Filter>
    </ClInclude>
    <ClInclude Include="Toolbox\Tools\HapticSettingsTool.hpp">
      <Filter>Toolbox\Tools</Filter>
    </ClInclude>
    <ClInclude Include="HairShape\Interpolation\HairGenerator.hpp">
      <Filter>HairShape\Interpolation</Filter>
    </ClInclude>
    <ClInclude Include="HairShape\Interpolation\HairProperties.hpp">
      <Filter>HairShape\Interpolation</Filter>
    </ClInclude>
    <ClInclude Include="HairShape\Interpolation\InterpolatedHair.hpp">
      <Filter>HairShape\Interpolation</Filter>
    </ClInclude>
    <ClInclude Include="HairShape\Interpolation\MayaPositionGenerator.hpp">
      <Filter>HairShape\Interpolation</Filter>
    </ClInclude>
    <ClInclude Include="HairShape\Interpolation\OutputGenerator.hpp">
      <Filter>HairShape\Interpolation</Filter>
    </ClInclude>
    <ClInclude Include="HairShape\Interpolation\PositionGenerator.hpp">
      <Filter>HairShape\Interpolation</Filter>
    </ClInclude>
    <ClInclude Include="HairShape\Interpolation\RMPositionGenerator.hpp">
      <Filter>HairShape\Interpolation</Filter>
    </ClInclude>
    <ClInclude Include="HairShape\Interpolation\MayaOutputGenerator.hpp">
      <Filter>HairShape\Interpolation</Filter>
    </ClInclude>
    <ClInclude Include="HairShape\Interpolation\MayaHairProperties.hpp">
      <Filter>HairShape\Interpolation</Filter>
    </ClInclude>
    <ClInclude Include="HairShape\Interpolation\RMHairProperties.hpp">
      <Filter>HairShape\Interpolation</Filter>
    </ClInclude>
    <ClInclude Include="HairShape\Interpolation\RMOutputGenerator.hpp">
      <Filter>HairShape\Interpolation</Filter>
    </ClInclude>
    <ClInclude Include="Common\GLExtensions.hpp">
      <Filter>Common</Filter>
    </ClInclude>
    <ClInclude Include="Common\CatmullRomUtilities.hpp">
      <Filter>Common</Filter>
    </ClInclude>
    <ClInclude Include="Toolbox\Tools\CutTool\CutTool.hpp">
      <Filter>Toolbox\Tools\CutTool</Filter>
    </ClInclude>
    <ClInclude Include="HairShape\HairComponents\CommandsNURBS.hpp">
      <Filter>HairShape\HairComponents</Filter>
    </ClInclude>
    <ClInclude Include="HairShape\HairComponents\CommandsTextures.hpp">
      <Filter>HairShape\HairComponents</Filter>
    </ClInclude>
    <ClInclude Include="HairShape\Interpolation\SimplePositionGenerator.hpp">
      <Filter>HairShape\Interpolation</Filter>
    </ClInclude>
    <ClInclude Include="HairShape\Interpolation\SimpleOutputGenerator.hpp">
      <Filter>HairShape\Interpolation</Filter>
    </ClInclude>
    <ClInclude Include="HairShape\UserInterface\SelectCommand.hpp">
      <Filter>HairShape\UserInterface</Filter>
    </ClInclude>
    <ClInclude Include="HairShape\HairComponents\kdtmpl.h">
      <Filter>HairShape\HairComponents</Filter>
    </ClInclude>
    <ClInclude Include="HairShape\UserInterface\HistoryCommands.hpp">
      <Filter>HairShape\UserInterface</Filter>
    </ClInclude>
    <ClInclude Include="Toolbox\Tools\HapticListener.hpp">
      <Filter>Toolbox\Tools</Filter>
    </ClInclude>
    <ClInclude Include="Toolbox\Tools\TabletSettingsTool.hpp">
      <Filter>Toolbox\Tools</Filter>
    </ClInclude>
    <ClInclude Include="HairShape\UserInterface\ReinitCommand.hpp">
      <Filter>HairShape\UserInterface</Filter>
    </ClInclude>
    <ClInclude Include="Common\StubbleTimer.hpp" />
    <ClInclude Include="Common\Base64.hpp">
      <Filter>Common</Filter>
    </ClInclude>
    <ClInclude Include="HairShape\Mesh\MayaTriangle.hpp">
      <Filter>HairShape\Mesh</Filter>
    </ClInclude>
    <ClInclude Include="HairShape\UserInterface\ResetCommand.hpp">
      <Filter>HairShape\UserInterface</Filter>
    </ClInclude>
  </ItemGroup>
  <ItemGroup>
    <None Include="MEL\StubbleCreateHair.mel">
      <Filter>MEL</Filter>
    </None>
    <None Include="MEL\Stubble3DelightRendering.mel">
      <Filter>MEL</Filter>
    </None>
    <None Include="MEL\AEHairShapeTemplate.mel">
      <Filter>MEL</Filter>
    </None>
    <None Include="MEL\StubbleRebuildSelectMenu.mel">
      <Filter>MEL</Filter>
    </None>
    <None Include="MEL\StubbleBrushToolValues.mel">
      <Filter>MEL\StubbleBrushTool</Filter>
    </None>
    <None Include="MEL\StubbleBrushToolProperties.mel">
      <Filter>MEL\StubbleBrushTool</Filter>
    </None>
    <None Include="MEL\StubbleBrushTool.mel">
      <Filter>MEL\StubbleBrushTool</Filter>
    </None>
    <None Include="MEL\StubbleCutTool.mel">
      <Filter>MEL\StubbleCutTool</Filter>
    </None>
    <None Include="MEL\StubbleCutToolValues.mel">
      <Filter>MEL\StubbleCutTool</Filter>
    </None>
    <None Include="MEL\StubbleCutToolProperties.mel">
      <Filter>MEL\StubbleCutTool</Filter>
    </None>
    <None Include="MEL\StubbleHapticSettingsTool.mel">
      <Filter>MEL\StubbleHapticSettingsTool</Filter>
    </None>
    <None Include="MEL\StubbleCreateUI.mel">
      <Filter>MEL\StubbleUI</Filter>
    </None>
    <None Include="MEL\StubbleDeleteUI.mel">
      <Filter>MEL\StubbleUI</Filter>
    </None>
    <None Include="MEL\StubbleHapticSettingsToolProperties.mel">
      <Filter>MEL\StubbleHapticSettingsTool</Filter>
    </None>
    <None Include="MEL\StubbleHapticSettingsToolValues.mel">
      <Filter>MEL\StubbleHapticSettingsTool</Filter>
    </None>
    <None Include="MEL\StubbleTextureProperties.mel" />
    <None Include="MEL\StubbleHotkeys.mel">
      <Filter>MEL</Filter>
    </None>
  </ItemGroup>
</Project>