<?xml version="1.0" encoding="utf-8"?>
<Project ToolsVersion="4.0" xmlns="http://schemas.microsoft.com/developer/msbuild/2003">
  <ItemGroup>
    <Filter Include="Toolbox">
      <UniqueIdentifier>{f47525e6-bff8-4281-b244-7444cac8d22b}</UniqueIdentifier>
    </Filter>
    <Filter Include="Toolbox\Tools">
      <UniqueIdentifier>{c352f7e0-57fd-43e1-b75c-079c07fedc32}</UniqueIdentifier>
    </Filter>
    <Filter Include="Toolbox\ToolShapes">
      <UniqueIdentifier>{38a08928-d8a5-4963-b794-c08a1b334a81}</UniqueIdentifier>
    </Filter>
    <Filter Include="Toolbox\BrushModes">
      <UniqueIdentifier>{3a81ffd1-3f5b-4ad5-a537-86d3d0740819}</UniqueIdentifier>
    </Filter>
    <Filter Include="Toolbox\Tools\BrushTool">
      <UniqueIdentifier>{2ccdeef9-ef7e-40f6-ab15-00bf50673037}</UniqueIdentifier>
    </Filter>
    <Filter Include="Toolbox\ToolShapes\CircleToolShape">
      <UniqueIdentifier>{c231cfc1-eab0-47db-8261-148a4dc01af5}</UniqueIdentifier>
    </Filter>
    <Filter Include="Toolbox\BrushModes\TranslateBrushMode">
      <UniqueIdentifier>{c72392ef-c2c8-4bac-82b6-8e4e5777558a}</UniqueIdentifier>
    </Filter>
    <Filter Include="Toolbox\BrushModes\ScaleBrushMode">
      <UniqueIdentifier>{bd9c481c-fa47-420e-b99e-c93c2c24d5a9}</UniqueIdentifier>
    </Filter>
    <Filter Include="Toolbox\BrushModes\RotateBrushMode">
      <UniqueIdentifier>{b8305e7a-f9c6-45a3-abb7-754b56b939a6}</UniqueIdentifier>
    </Filter>
    <Filter Include="Toolbox\BrushModes\ClumpBrushMode">
      <UniqueIdentifier>{ec463fd7-a307-490d-872c-a229c657fcea}</UniqueIdentifier>
    </Filter>
    <Filter Include="Toolbox\BrushModes\PuffRootBrushMode">
      <UniqueIdentifier>{bc1dad0d-b2f9-4aa8-a03b-e6be6c825fbf}</UniqueIdentifier>
    </Filter>
    <Filter Include="Toolbox\BrushModes\PuffEndBrushMode">
      <UniqueIdentifier>{f2734259-5de3-4847-84c0-a36ac1d11cc0}</UniqueIdentifier>
    </Filter>
    <Filter Include="MEL">
      <UniqueIdentifier>{01798d18-147a-4775-aaa7-9eeb2cb86ff0}</UniqueIdentifier>
    </Filter>
    <Filter Include="HairShape">
      <UniqueIdentifier>{21a25821-7cbb-49f0-a570-9244e685535e}</UniqueIdentifier>
    </Filter>
    <Filter Include="Primitives">
      <UniqueIdentifier>{35b2f530-4198-4486-af2a-b596052fff9b}</UniqueIdentifier>
    </Filter>
  </ItemGroup>
  <ItemGroup>
    <ClCompile Include="pluginMain.cpp" />
    <ClCompile Include="Toolbox\BrushModes\BrushMode.cpp">
      <Filter>Toolbox\BrushModes</Filter>
    </ClCompile>
    <ClCompile Include="Toolbox\ToolShapes\ToolShape.cpp">
      <Filter>Toolbox\ToolShapes</Filter>
    </ClCompile>
    <ClCompile Include="Toolbox\BrushModes\TranslateBrushMode\TranslateBrushMode.cpp">
      <Filter>Toolbox\BrushModes\TranslateBrushMode</Filter>
    </ClCompile>
    <ClCompile Include="Toolbox\ToolShapes\CircleToolShape\CircleToolShape.cpp">
      <Filter>Toolbox\ToolShapes\CircleToolShape</Filter>
    </ClCompile>
    <ClCompile Include="Toolbox\Tools\BrushTool\BrushTool.cpp">
      <Filter>Toolbox\Tools\BrushTool</Filter>
    </ClCompile>
    <ClCompile Include="Toolbox\BrushModes\ScaleBrushMode\ScaleBrushMode.cpp">
      <Filter>Toolbox\BrushModes\ScaleBrushMode</Filter>
    </ClCompile>
    <ClCompile Include="Toolbox\BrushModes\RotateBrushMode\RotateBrushMode.cpp">
      <Filter>Toolbox\BrushModes\RotateBrushMode</Filter>
    </ClCompile>
    <ClCompile Include="Toolbox\BrushModes\ClumpBrushMode\ClumpBrushMode.cpp">
      <Filter>Toolbox\BrushModes\ClumpBrushMode</Filter>
    </ClCompile>
    <ClCompile Include="Toolbox\BrushModes\PuffRootBrushMode\PuffRootBrushMode.cpp">
      <Filter>Toolbox\BrushModes\PuffRootBrushMode</Filter>
    </ClCompile>
    <ClCompile Include="Toolbox\BrushModes\PuffEndBrushMode\PuffEndBrushMode.cpp">
      <Filter>Toolbox\BrushModes\PuffEndBrushMode</Filter>
    </ClCompile>
    <ClCompile Include="Toolbox\Tools\MouseMoveListener.cpp">
      <Filter>Toolbox\Tools</Filter>
    </ClCompile>
    <ClCompile Include="Toolbox\Tools\GenericTool.cpp">
      <Filter>Toolbox\Tools</Filter>
    </ClCompile>
    <ClCompile Include="HairShape.cpp">
      <Filter>HairShape</Filter>
    </ClCompile>
    <ClCompile Include="GuideHair.cpp">
      <Filter>HairShape</Filter>
    </ClCompile>
    <ClCompile Include="Primitives\Vector3D.cpp">
      <Filter>Primitives</Filter>
    </ClCompile>
    <ClCompile Include="HairGuides.cpp">
      <Filter>HairShape</Filter>
    </ClCompile>
  </ItemGroup>
  <ItemGroup>
    <ClInclude Include="Toolbox\BrushModes\BrushMode.hpp">
      <Filter>Toolbox\BrushModes</Filter>
    </ClInclude>
    <ClInclude Include="Toolbox\ToolShapes\ToolShape.hpp">
      <Filter>Toolbox\ToolShapes</Filter>
    </ClInclude>
    <ClInclude Include="Toolbox\BrushModes\TranslateBrushMode\TranslateBrushMode.hpp">
      <Filter>Toolbox\BrushModes\TranslateBrushMode</Filter>
    </ClInclude>
    <ClInclude Include="Toolbox\ToolShapes\CircleToolShape\CircleToolShape.hpp">
      <Filter>Toolbox\ToolShapes\CircleToolShape</Filter>
    </ClInclude>
    <ClInclude Include="Toolbox\Tools\BrushTool\BrushTool.hpp">
      <Filter>Toolbox\Tools\BrushTool</Filter>
    </ClInclude>
    <ClInclude Include="Toolbox\HairTask.hpp">
      <Filter>Toolbox</Filter>
    </ClInclude>
    <ClInclude Include="Toolbox\BrushModes\ScaleBrushMode\ScaleBrushMode.hpp">
      <Filter>Toolbox\BrushModes\ScaleBrushMode</Filter>
    </ClInclude>
    <ClInclude Include="Toolbox\BrushModes\RotateBrushMode\RotateBrushMode.hpp">
      <Filter>Toolbox\BrushModes\RotateBrushMode</Filter>
    </ClInclude>
    <ClInclude Include="Toolbox\BrushModes\ClumpBrushMode\ClumpBrushMode.hpp">
      <Filter>Toolbox\BrushModes\ClumpBrushMode</Filter>
    </ClInclude>
    <ClInclude Include="Toolbox\BrushModes\PuffRootBrushMode\PuffRootBrushMode.hpp">
      <Filter>Toolbox\BrushModes\PuffRootBrushMode</Filter>
    </ClInclude>
    <ClInclude Include="Toolbox\BrushModes\PuffEndBrushMode\PuffEndBrushMode.hpp">
      <Filter>Toolbox\BrushModes\PuffEndBrushMode</Filter>
    </ClInclude>
    <ClInclude Include="Toolbox\Tools\MouseMoveListener.hpp">
      <Filter>Toolbox\Tools</Filter>
    </ClInclude>
    <ClInclude Include="Toolbox\Tools\GenericTool.hpp">
      <Filter>Toolbox\Tools</Filter>
    </ClInclude>
    <ClInclude Include="HairShape.hpp">
      <Filter>HairShape</Filter>
    </ClInclude>
    <ClInclude Include="GuideHair.hpp">
      <Filter>HairShape</Filter>
    </ClInclude>
    <ClInclude Include="Primitives\Vector3D.hpp">
      <Filter>Primitives</Filter>
    </ClInclude>
    <ClInclude Include="HairGuides.hpp">
      <Filter>HairShape</Filter>
    </ClInclude>
  </ItemGroup>
  <ItemGroup>
    <None Include="MEL\StubbleBrushToolProperties.mel">
      <Filter>MEL</Filter>
    </None>
    <None Include="MEL\StubbleBrushToolValues.mel">
      <Filter>MEL</Filter>
    </None>
  </ItemGroup>
</Project>